// !$*UTF8*$!
{
	archiveVersion = 1;
	classes = {
	};
	objectVersion = 56;
	objects = {

/* Begin PBXBuildFile section */
		F64D8BF62C1CDF870051A570 /* WelcomeView.swift in Sources */ = {isa = PBXBuildFile; fileRef = F64D8BF52C1CDF870051A570 /* WelcomeView.swift */; };
		F64D8BFA2C1CE45E0051A570 /* TouchEvent.swift in Sources */ = {isa = PBXBuildFile; fileRef = F64D8BF92C1CE45E0051A570 /* TouchEvent.swift */; };
		F64D8BFC2C1CE49B0051A570 /* TrackerView.swift in Sources */ = {isa = PBXBuildFile; fileRef = F64D8BFB2C1CE49B0051A570 /* TrackerView.swift */; };
		F6B7ABE12C1CD9C4001032D0 /* laaastApp.swift in Sources */ = {isa = PBXBuildFile; fileRef = F6B7ABE02C1CD9C4001032D0 /* laaastApp.swift */; };
		F6B7ABE32C1CD9C4001032D0 /* ContentView.swift in Sources */ = {isa = PBXBuildFile; fileRef = F6B7ABE22C1CD9C4001032D0 /* ContentView.swift */; };
		F6B7ABE52C1CD9C5001032D0 /* Assets.xcassets in Resources */ = {isa = PBXBuildFile; fileRef = F6B7ABE42C1CD9C5001032D0 /* Assets.xcassets */; };
		F6B7ABE82C1CD9C5001032D0 /* Preview Assets.xcassets in Resources */ = {isa = PBXBuildFile; fileRef = F6B7ABE72C1CD9C5001032D0 /* Preview Assets.xcassets */; };
		F6F18A152C1DB4A90094D956 /* DisplayCurveView.swift in Sources */ = {isa = PBXBuildFile; fileRef = F6F18A142C1DB4A90094D956 /* DisplayCurveView.swift */; };
		F6F18A172C1DB6280094D956 /* TouchCurveView.swift in Sources */ = {isa = PBXBuildFile; fileRef = F6F18A162C1DB6280094D956 /* TouchCurveView.swift */; };
/* End PBXBuildFile section */

/* Begin PBXFileReference section */
		F64D8BF52C1CDF870051A570 /* WelcomeView.swift */ = {isa = PBXFileReference; lastKnownFileType = sourcecode.swift; path = WelcomeView.swift; sourceTree = "<group>"; };
		F64D8BF92C1CE45E0051A570 /* TouchEvent.swift */ = {isa = PBXFileReference; lastKnownFileType = sourcecode.swift; path = TouchEvent.swift; sourceTree = "<group>"; };
		F64D8BFB2C1CE49B0051A570 /* TrackerView.swift */ = {isa = PBXFileReference; lastKnownFileType = sourcecode.swift; path = TrackerView.swift; sourceTree = "<group>"; };
		F6B7ABDD2C1CD9C4001032D0 /* laaast.app */ = {isa = PBXFileReference; explicitFileType = wrapper.application; includeInIndex = 0; path = laaast.app; sourceTree = BUILT_PRODUCTS_DIR; };
		F6B7ABE02C1CD9C4001032D0 /* laaastApp.swift */ = {isa = PBXFileReference; lastKnownFileType = sourcecode.swift; path = laaastApp.swift; sourceTree = "<group>"; };
		F6B7ABE22C1CD9C4001032D0 /* ContentView.swift */ = {isa = PBXFileReference; lastKnownFileType = sourcecode.swift; path = ContentView.swift; sourceTree = "<group>"; };
		F6B7ABE42C1CD9C5001032D0 /* Assets.xcassets */ = {isa = PBXFileReference; lastKnownFileType = folder.assetcatalog; path = Assets.xcassets; sourceTree = "<group>"; };
		F6B7ABE72C1CD9C5001032D0 /* Preview Assets.xcassets */ = {isa = PBXFileReference; lastKnownFileType = folder.assetcatalog; path = "Preview Assets.xcassets"; sourceTree = "<group>"; };
		F6F18A142C1DB4A90094D956 /* DisplayCurveView.swift */ = {isa = PBXFileReference; lastKnownFileType = sourcecode.swift; path = DisplayCurveView.swift; sourceTree = "<group>"; };
		F6F18A162C1DB6280094D956 /* TouchCurveView.swift */ = {isa = PBXFileReference; fileEncoding = 4; lastKnownFileType = sourcecode.swift; name = TouchCurveView.swift; path = ../../../.Trash/TouchCurveView.swift; sourceTree = "<group>"; };
/* End PBXFileReference section */

/* Begin PBXFrameworksBuildPhase section */
		F6B7ABDA2C1CD9C4001032D0 /* Frameworks */ = {
			isa = PBXFrameworksBuildPhase;
			buildActionMask = 2147483647;
			files = (
			);
			runOnlyForDeploymentPostprocessing = 0;
		};
/* End PBXFrameworksBuildPhase section */

/* Begin PBXGroup section */
		F6B7ABD42C1CD9C4001032D0 = {
			isa = PBXGroup;
			children = (
				F6B7ABDF2C1CD9C4001032D0 /* laaast */,
				F6B7ABDE2C1CD9C4001032D0 /* Products */,
			);
			sourceTree = "<group>";
		};
		F6B7ABDE2C1CD9C4001032D0 /* Products */ = {
			isa = PBXGroup;
			children = (
				F6B7ABDD2C1CD9C4001032D0 /* laaast.app */,
			);
			name = Products;
			sourceTree = "<group>";
		};
		F6B7ABDF2C1CD9C4001032D0 /* laaast */ = {
			isa = PBXGroup;
			children = (
				F6B7ABE02C1CD9C4001032D0 /* laaastApp.swift */,
				F6B7ABE22C1CD9C4001032D0 /* ContentView.swift */,
				F64D8BFB2C1CE49B0051A570 /* TrackerView.swift */,
				F6F18A162C1DB6280094D956 /* TouchCurveView.swift */,
				F6F18A142C1DB4A90094D956 /* DisplayCurveView.swift */,
				F64D8BF92C1CE45E0051A570 /* TouchEvent.swift */,
				F64D8BF52C1CDF870051A570 /* WelcomeView.swift */,
				F6B7ABE42C1CD9C5001032D0 /* Assets.xcassets */,
				F6B7ABE62C1CD9C5001032D0 /* Preview Content */,
			);
			path = laaast;
			sourceTree = "<group>";
		};
		F6B7ABE62C1CD9C5001032D0 /* Preview Content */ = {
			isa = PBXGroup;
			children = (
				F6B7ABE72C1CD9C5001032D0 /* Preview Assets.xcassets */,
			);
			path = "Preview Content";
			sourceTree = "<group>";
		};
/* End PBXGroup section */

/* Begin PBXNativeTarget section */
		F6B7ABDC2C1CD9C4001032D0 /* laaast */ = {
			isa = PBXNativeTarget;
			buildConfigurationList = F6B7ABEB2C1CD9C5001032D0 /* Build configuration list for PBXNativeTarget "laaast" */;
			buildPhases = (
				F6B7ABD92C1CD9C4001032D0 /* Sources */,
				F6B7ABDA2C1CD9C4001032D0 /* Frameworks */,
				F6B7ABDB2C1CD9C4001032D0 /* Resources */,
			);
			buildRules = (
			);
			dependencies = (
			);
			name = laaast;
			productName = laaast;
			productReference = F6B7ABDD2C1CD9C4001032D0 /* laaast.app */;
			productType = "com.apple.product-type.application";
		};
/* End PBXNativeTarget section */

/* Begin PBXProject section */
		F6B7ABD52C1CD9C4001032D0 /* Project object */ = {
			isa = PBXProject;
			attributes = {
				BuildIndependentTargetsInParallel = 1;
				LastSwiftUpdateCheck = 1430;
				LastUpgradeCheck = 1430;
				TargetAttributes = {
					F6B7ABDC2C1CD9C4001032D0 = {
						CreatedOnToolsVersion = 14.3.1;
					};
				};
			};
			buildConfigurationList = F6B7ABD82C1CD9C4001032D0 /* Build configuration list for PBXProject "laaast" */;
			compatibilityVersion = "Xcode 14.0";
			developmentRegion = en;
			hasScannedForEncodings = 0;
			knownRegions = (
				en,
				Base,
			);
			mainGroup = F6B7ABD42C1CD9C4001032D0;
			productRefGroup = F6B7ABDE2C1CD9C4001032D0 /* Products */;
			projectDirPath = "";
			projectRoot = "";
			targets = (
				F6B7ABDC2C1CD9C4001032D0 /* laaast */,
			);
		};
/* End PBXProject section */

/* Begin PBXResourcesBuildPhase section */
		F6B7ABDB2C1CD9C4001032D0 /* Resources */ = {
			isa = PBXResourcesBuildPhase;
			buildActionMask = 2147483647;
			files = (
				F6B7ABE82C1CD9C5001032D0 /* Preview Assets.xcassets in Resources */,
				F6B7ABE52C1CD9C5001032D0 /* Assets.xcassets in Resources */,
			);
			runOnlyForDeploymentPostprocessing = 0;
		};
/* End PBXResourcesBuildPhase section */

/* Begin PBXSourcesBuildPhase section */
		F6B7ABD92C1CD9C4001032D0 /* Sources */ = {
			isa = PBXSourcesBuildPhase;
			buildActionMask = 2147483647;
			files = (
				F6F18A172C1DB6280094D956 /* TouchCurveView.swift in Sources */,
				F6B7ABE32C1CD9C4001032D0 /* ContentView.swift in Sources */,
				F64D8BF62C1CDF870051A570 /* WelcomeView.swift in Sources */,
				F64D8BFA2C1CE45E0051A570 /* TouchEvent.swift in Sources */,
				F6B7ABE12C1CD9C4001032D0 /* laaastApp.swift in Sources */,
				F6F18A152C1DB4A90094D956 /* DisplayCurveView.swift in Sources */,
				F64D8BFC2C1CE49B0051A570 /* TrackerView.swift in Sources */,
			);
			runOnlyForDeploymentPostprocessing = 0;
		};
/* End PBXSourcesBuildPhase section */

/* Begin XCBuildConfiguration section */
		F6B7ABE92C1CD9C5001032D0 /* Debug */ = {
			isa = XCBuildConfiguration;
			buildSettings = {
				ALWAYS_SEARCH_USER_PATHS = NO;
				CLANG_ANALYZER_NONNULL = YES;
				CLANG_ANALYZER_NUMBER_OBJECT_CONVERSION = YES_AGGRESSIVE;
				CLANG_CXX_LANGUAGE_STANDARD = "gnu++20";
				CLANG_ENABLE_MODULES = YES;
				CLANG_ENABLE_OBJC_ARC = YES;
				CLANG_ENABLE_OBJC_WEAK = YES;
				CLANG_WARN_BLOCK_CAPTURE_AUTORELEASING = YES;
				CLANG_WARN_BOOL_CONVERSION = YES;
				CLANG_WARN_COMMA = YES;
				CLANG_WARN_CONSTANT_CONVERSION = YES;
				CLANG_WARN_DEPRECATED_OBJC_IMPLEMENTATIONS = YES;
				CLANG_WARN_DIRECT_OBJC_ISA_USAGE = YES_ERROR;
				CLANG_WARN_DOCUMENTATION_COMMENTS = YES;
				CLANG_WARN_EMPTY_BODY = YES;
				CLANG_WARN_ENUM_CONVERSION = YES;
				CLANG_WARN_INFINITE_RECURSION = YES;
				CLANG_WARN_INT_CONVERSION = YES;
				CLANG_WARN_NON_LITERAL_NULL_CONVERSION = YES;
				CLANG_WARN_OBJC_IMPLICIT_RETAIN_SELF = YES;
				CLANG_WARN_OBJC_LITERAL_CONVERSION = YES;
				CLANG_WARN_OBJC_ROOT_CLASS = YES_ERROR;
				CLANG_WARN_QUOTED_INCLUDE_IN_FRAMEWORK_HEADER = YES;
				CLANG_WARN_RANGE_LOOP_ANALYSIS = YES;
				CLANG_WARN_STRICT_PROTOTYPES = YES;
				CLANG_WARN_SUSPICIOUS_MOVE = YES;
				CLANG_WARN_UNGUARDED_AVAILABILITY = YES_AGGRESSIVE;
				CLANG_WARN_UNREACHABLE_CODE = YES;
				CLANG_WARN__DUPLICATE_METHOD_MATCH = YES;
				COPY_PHASE_STRIP = NO;
				DEBUG_INFORMATION_FORMAT = dwarf;
				ENABLE_STRICT_OBJC_MSGSEND = YES;
				ENABLE_TESTABILITY = YES;
				GCC_C_LANGUAGE_STANDARD = gnu11;
				GCC_DYNAMIC_NO_PIC = NO;
				GCC_NO_COMMON_BLOCKS = YES;
				GCC_OPTIMIZATION_LEVEL = 0;
				GCC_PREPROCESSOR_DEFINITIONS = (
					"DEBUG=1",
					"$(inherited)",
				);
				GCC_WARN_64_TO_32_BIT_CONVERSION = YES;
				GCC_WARN_ABOUT_RETURN_TYPE = YES_ERROR;
				GCC_WARN_UNDECLARED_SELECTOR = YES;
				GCC_WARN_UNINITIALIZED_AUTOS = YES_AGGRESSIVE;
				GCC_WARN_UNUSED_FUNCTION = YES;
				GCC_WARN_UNUSED_VARIABLE = YES;
				IPHONEOS_DEPLOYMENT_TARGET = 16.4;
				MTL_ENABLE_DEBUG_INFO = INCLUDE_SOURCE;
				MTL_FAST_MATH = YES;
				ONLY_ACTIVE_ARCH = YES;
				SDKROOT = iphoneos;
				SWIFT_ACTIVE_COMPILATION_CONDITIONS = DEBUG;
				SWIFT_OPTIMIZATION_LEVEL = "-Onone";
			};
			name = Debug;
		};
		F6B7ABEA2C1CD9C5001032D0 /* Release */ = {
			isa = XCBuildConfiguration;
			buildSettings = {
				ALWAYS_SEARCH_USER_PATHS = NO;
				CLANG_ANALYZER_NONNULL = YES;
				CLANG_ANALYZER_NUMBER_OBJECT_CONVERSION = YES_AGGRESSIVE;
				CLANG_CXX_LANGUAGE_STANDARD = "gnu++20";
				CLANG_ENABLE_MODULES = YES;
				CLANG_ENABLE_OBJC_ARC = YES;
				CLANG_ENABLE_OBJC_WEAK = YES;
				CLANG_WARN_BLOCK_CAPTURE_AUTORELEASING = YES;
				CLANG_WARN_BOOL_CONVERSION = YES;
				CLANG_WARN_COMMA = YES;
				CLANG_WARN_CONSTANT_CONVERSION = YES;
				CLANG_WARN_DEPRECATED_OBJC_IMPLEMENTATIONS = YES;
				CLANG_WARN_DIRECT_OBJC_ISA_USAGE = YES_ERROR;
				CLANG_WARN_DOCUMENTATION_COMMENTS = YES;
				CLANG_WARN_EMPTY_BODY = YES;
				CLANG_WARN_ENUM_CONVERSION = YES;
				CLANG_WARN_INFINITE_RECURSION = YES;
				CLANG_WARN_INT_CONVERSION = YES;
				CLANG_WARN_NON_LITERAL_NULL_CONVERSION = YES;
				CLANG_WARN_OBJC_IMPLICIT_RETAIN_SELF = YES;
				CLANG_WARN_OBJC_LITERAL_CONVERSION = YES;
				CLANG_WARN_OBJC_ROOT_CLASS = YES_ERROR;
				CLANG_WARN_QUOTED_INCLUDE_IN_FRAMEWORK_HEADER = YES;
				CLANG_WARN_RANGE_LOOP_ANALYSIS = YES;
				CLANG_WARN_STRICT_PROTOTYPES = YES;
				CLANG_WARN_SUSPICIOUS_MOVE = YES;
				CLANG_WARN_UNGUARDED_AVAILABILITY = YES_AGGRESSIVE;
				CLANG_WARN_UNREACHABLE_CODE = YES;
				CLANG_WARN__DUPLICATE_METHOD_MATCH = YES;
				COPY_PHASE_STRIP = NO;
				DEBUG_INFORMATION_FORMAT = "dwarf-with-dsym";
				ENABLE_NS_ASSERTIONS = NO;
				ENABLE_STRICT_OBJC_MSGSEND = YES;
				GCC_C_LANGUAGE_STANDARD = gnu11;
				GCC_NO_COMMON_BLOCKS = YES;
				GCC_WARN_64_TO_32_BIT_CONVERSION = YES;
				GCC_WARN_ABOUT_RETURN_TYPE = YES_ERROR;
				GCC_WARN_UNDECLARED_SELECTOR = YES;
				GCC_WARN_UNINITIALIZED_AUTOS = YES_AGGRESSIVE;
				GCC_WARN_UNUSED_FUNCTION = YES;
				GCC_WARN_UNUSED_VARIABLE = YES;
				IPHONEOS_DEPLOYMENT_TARGET = 16.4;
				MTL_ENABLE_DEBUG_INFO = NO;
				MTL_FAST_MATH = YES;
				SDKROOT = iphoneos;
				SWIFT_COMPILATION_MODE = wholemodule;
				SWIFT_OPTIMIZATION_LEVEL = "-O";
				VALIDATE_PRODUCT = YES;
			};
			name = Release;
		};
		F6B7ABEC2C1CD9C5001032D0 /* Debug */ = {
			isa = XCBuildConfiguration;
			buildSettings = {
				ASSETCATALOG_COMPILER_APPICON_NAME = AppIcon;
				ASSETCATALOG_COMPILER_GLOBAL_ACCENT_COLOR_NAME = AccentColor;
				CODE_SIGN_STYLE = Automatic;
				CURRENT_PROJECT_VERSION = 1;
				DEVELOPMENT_ASSET_PATHS = "\"laaast/Preview Content\"";
				DEVELOPMENT_TEAM = 8Q348Y4274;
				ENABLE_PREVIEWS = YES;
				GENERATE_INFOPLIST_FILE = YES;
				INFOPLIST_KEY_UIApplicationSceneManifest_Generation = YES;
				INFOPLIST_KEY_UIApplicationSupportsIndirectInputEvents = YES;
				INFOPLIST_KEY_UILaunchScreen_Generation = YES;
				INFOPLIST_KEY_UISupportedInterfaceOrientations_iPad = "UIInterfaceOrientationPortrait UIInterfaceOrientationPortraitUpsideDown UIInterfaceOrientationLandscapeLeft UIInterfaceOrientationLandscapeRight";
				INFOPLIST_KEY_UISupportedInterfaceOrientations_iPhone = "UIInterfaceOrientationPortrait UIInterfaceOrientationLandscapeLeft UIInterfaceOrientationLandscapeRight";
				LD_RUNPATH_SEARCH_PATHS = (
					"$(inherited)",
					"@executable_path/Frameworks",
				);
				MARKETING_VERSION = 1.0;
				PRODUCT_BUNDLE_IDENTIFIER = mmn.laaast;
				PRODUCT_NAME = "$(TARGET_NAME)";
				SWIFT_EMIT_LOC_STRINGS = YES;
				SWIFT_VERSION = 5.0;
				TARGETED_DEVICE_FAMILY = "1,2";
			};
			name = Debug;
		};
		F6B7ABED2C1CD9C5001032D0 /* Release */ = {
			isa = XCBuildConfiguration;
			buildSettings = {
				ASSETCATALOG_COMPILER_APPICON_NAME = AppIcon;
				ASSETCATALOG_COMPILER_GLOBAL_ACCENT_COLOR_NAME = AccentColor;
				CODE_SIGN_STYLE = Automatic;
				CURRENT_PROJECT_VERSION = 1;
				DEVELOPMENT_ASSET_PATHS = "\"laaast/Preview Content\"";
				DEVELOPMENT_TEAM = 8Q348Y4274;
				ENABLE_PREVIEWS = YES;
				GENERATE_INFOPLIST_FILE = YES;
				INFOPLIST_KEY_UIApplicationSceneManifest_Generation = YES;
				INFOPLIST_KEY_UIApplicationSupportsIndirectInputEvents = YES;
				INFOPLIST_KEY_UILaunchScreen_Generation = YES;
				INFOPLIST_KEY_UISupportedInterfaceOrientations_iPad = "UIInterfaceOrientationPortrait UIInterfaceOrientationPortraitUpsideDown UIInterfaceOrientationLandscapeLeft UIInterfaceOrientationLandscapeRight";
				INFOPLIST_KEY_UISupportedInterfaceOrientations_iPhone = "UIInterfaceOrientationPortrait UIInterfaceOrientationLandscapeLeft UIInterfaceOrientationLandscapeRight";
				LD_RUNPATH_SEARCH_PATHS = (
					"$(inherited)",
					"@executable_path/Frameworks",
				);
				MARKETING_VERSION = 1.0;
				PRODUCT_BUNDLE_IDENTIFIER = mmn.laaast;
				PRODUCT_NAME = "$(TARGET_NAME)";
				SWIFT_EMIT_LOC_STRINGS = YES;
				SWIFT_VERSION = 5.0;
				TARGETED_DEVICE_FAMILY = "1,2";
			};
			name = Release;
		};
/* End XCBuildConfiguration section */

/* Begin XCConfigurationList section */
		F6B7ABD82C1CD9C4001032D0 /* Build configuration list for PBXProject "laaast" */ = {
			isa = XCConfigurationList;
			buildConfigurations = (
				F6B7ABE92C1CD9C5001032D0 /* Debug */,
				F6B7ABEA2C1CD9C5001032D0 /* Release */,
			);
			defaultConfigurationIsVisible = 0;
			defaultConfigurationName = Release;
		};
		F6B7ABEB2C1CD9C5001032D0 /* Build configuration list for PBXNativeTarget "laaast" */ = {
			isa = XCConfigurationList;
			buildConfigurations = (
				F6B7ABEC2C1CD9C5001032D0 /* Debug */,
				F6B7ABED2C1CD9C5001032D0 /* Release */,
			);
			defaultConfigurationIsVisible = 0;
			defaultConfigurationName = Release;
		};
/* End XCConfigurationList section */
	};
	rootObject = F6B7ABD52C1CD9C4001032D0 /* Project object */;
}
